
Microsoft Visual Studio Solution File, Format Version 12.00
# Visual Studio Version 16
VisualStudioVersion = 16.0.31402.337
MinimumVisualStudioVersion = 10.0.40219.1
Project("{FAE04EC0-301F-11D3-BF4B-00C04F79EFBC}") = "WindowsFormsApp1", "WindowsFormsApp1\WindowsFormsApp1.csproj", "{F90774FA-08A9-4A55-91BE-18B56A8BBEBD}"
EndProject
Global
	GlobalSection(SolutionConfigurationPlatforms) = preSolution
		Debug|Any CPU = Debug|Any CPU
		Release|Any CPU = Release|Any CPU
	EndGlobalSection
	GlobalSection(ProjectConfigurationPlatforms) = postSolution
		{F90774FA-08A9-4A55-91BE-18B56A8BBEBD}.Debug|Any CPU.ActiveCfg = Debug|Any CPU
		{F90774FA-08A9-4A55-91BE-18B56A8BBEBD}.Debug|Any CPU.Build.0 = Debug|Any CPU
		{F90774FA-08A9-4A55-91BE-18B56A8BBEBD}.Release|Any CPU.ActiveCfg = Release|Any CPU
		{F90774FA-08A9-4A55-91BE-18B56A8BBEBD}.Release|Any CPU.Build.0 = Release|Any CPU
	EndGlobalSection
	GlobalSection(SolutionProperties) = preSolution
		HideSolutionNode = FALSE
	EndGlobalSection
	GlobalSection(ExtensibilityGlobals) = postSolution
		SolutionGuid = {3F1F2BB7-9048-494A-879B-F7E9F184620A}
	EndGlobalSection
EndGlobal
